
Microsoft Visual Studio Solution File, Format Version 12.00
# Visual Studio Version 16
VisualStudioVersion = 16.0.30420.98
MinimumVisualStudioVersion = 10.0.40219.1
Project("{FAE04EC0-301F-11D3-BF4B-00C04F79EFBC}") = "CRUDinAspCore", "CRUDinAspCore\CRUDinAspCore.csproj", "{1619C4BA-DD8F-4A7B-A3C5-20E684BB4DC8}"
EndProject
Global
	GlobalSection(SolutionConfigurationPlatforms) = preSolution
		Debug|Any CPU = Debug|Any CPU
		Release|Any CPU = Release|Any CPU
	EndGlobalSection
	GlobalSection(ProjectConfigurationPlatforms) = postSolution
		{1619C4BA-DD8F-4A7B-A3C5-20E684BB4DC8}.Debug|Any CPU.ActiveCfg = Debug|Any CPU
		{1619C4BA-DD8F-4A7B-A3C5-20E684BB4DC8}.Debug|Any CPU.Build.0 = Debug|Any CPU
		{1619C4BA-DD8F-4A7B-A3C5-20E684BB4DC8}.Release|Any CPU.ActiveCfg = Release|Any CPU
		{1619C4BA-DD8F-4A7B-A3C5-20E684BB4DC8}.Release|Any CPU.Build.0 = Release|Any CPU
	EndGlobalSection
	GlobalSection(SolutionProperties) = preSolution
		HideSolutionNode = FALSE
	EndGlobalSection
	GlobalSection(ExtensibilityGlobals) = postSolution
		SolutionGuid = {93B7EB1A-4547-422F-AB14-D283CF9FB054}
	EndGlobalSection
EndGlobal
